
Microsoft Visual Studio Solution File, Format Version 12.00
# Visual Studio 15
VisualStudioVersion = 15.0.25807.0
MinimumVisualStudioVersion = 10.0.40219.1
Project("{2150E333-8FDC-42A3-9474-1A3956D46DE8}") = "Engine", "Engine", "{E4BFA89B-C0BB-4D90-AA50-F87ED726C13C}"
EndProject
Project("{2150E333-8FDC-42A3-9474-1A3956D46DE8}") = "Games", "Games", "{D498C074-4B7C-4708-B8C9-71D5E12D8172}"
EndProject
Project("{8BC9CEB8-8B4A-11D0-8D11-00A0C91BC942}") = "HaulAway", "Intermediate\ProjectFiles\HaulAway.vcxproj", "{230E3D62-9DF7-42AE-9FB5-896C4A64B877}"
EndProject
Project("{8BC9CEB8-8B4A-11D0-8D11-00A0C91BC942}") = "UE4", "Intermediate\ProjectFiles\UE4.vcxproj", "{C250B989-165C-4FE4-B42D-99AEA189C457}"
EndProject
Project("{2150E333-8FDC-42A3-9474-1A3956D46DE8}") = "Visualizers", "Visualizers", "{9383E979-E888-46D9-A257-F76818CDA327}"
	ProjectSection(SolutionItems) = preProject
		..\..\..\..\Softwares\Epic Games\UE_4.24\Engine\Extras\VisualStudioDebugging\UE4.natvis = ..\..\..\..\Softwares\Epic Games\UE_4.24\Engine\Extras\VisualStudioDebugging\UE4.natvis
	EndProjectSection
EndProject
Global
	GlobalSection(SolutionConfigurationPlatforms) = preSolution
		DebugGame Editor|Win32 = DebugGame Editor|Win32
		DebugGame Editor|Win64 = DebugGame Editor|Win64
		DebugGame|Win32 = DebugGame|Win32
		DebugGame|Win64 = DebugGame|Win64
		Development Editor|Win32 = Development Editor|Win32
		Development Editor|Win64 = Development Editor|Win64
		Development|Win32 = Development|Win32
		Development|Win64 = Development|Win64
		Shipping|Win32 = Shipping|Win32
		Shipping|Win64 = Shipping|Win64
	EndGlobalSection
	GlobalSection(ProjectConfigurationPlatforms) = postSolution
		{230E3D62-9DF7-42AE-9FB5-896C4A64B877}.DebugGame Editor|Win32.ActiveCfg = Invalid|Win32
		{230E3D62-9DF7-42AE-9FB5-896C4A64B877}.DebugGame Editor|Win64.ActiveCfg = DebugGame_Editor|x64
		{230E3D62-9DF7-42AE-9FB5-896C4A64B877}.DebugGame Editor|Win64.Build.0 = DebugGame_Editor|x64
		{230E3D62-9DF7-42AE-9FB5-896C4A64B877}.DebugGame|Win32.ActiveCfg = DebugGame|Win32
		{230E3D62-9DF7-42AE-9FB5-896C4A64B877}.DebugGame|Win32.Build.0 = DebugGame|Win32
		{230E3D62-9DF7-42AE-9FB5-896C4A64B877}.DebugGame|Win64.ActiveCfg = DebugGame|x64
		{230E3D62-9DF7-42AE-9FB5-896C4A64B877}.DebugGame|Win64.Build.0 = DebugGame|x64
		{230E3D62-9DF7-42AE-9FB5-896C4A64B877}.Development Editor|Win32.ActiveCfg = Invalid|Win32
		{230E3D62-9DF7-42AE-9FB5-896C4A64B877}.Development Editor|Win64.ActiveCfg = Development_Editor|x64
		{230E3D62-9DF7-42AE-9FB5-896C4A64B877}.Development Editor|Win64.Build.0 = Development_Editor|x64
		{230E3D62-9DF7-42AE-9FB5-896C4A64B877}.Development|Win32.ActiveCfg = Development|Win32
		{230E3D62-9DF7-42AE-9FB5-896C4A64B877}.Development|Win32.Build.0 = Development|Win32
		{230E3D62-9DF7-42AE-9FB5-896C4A64B877}.Development|Win64.ActiveCfg = Development|x64
		{230E3D62-9DF7-42AE-9FB5-896C4A64B877}.Development|Win64.Build.0 = Development|x64
		{230E3D62-9DF7-42AE-9FB5-896C4A64B877}.Shipping|Win32.ActiveCfg = Shipping|Win32
		{230E3D62-9DF7-42AE-9FB5-896C4A64B877}.Shipping|Win32.Build.0 = Shipping|Win32
		{230E3D62-9DF7-42AE-9FB5-896C4A64B877}.Shipping|Win64.ActiveCfg = Shipping|x64
		{230E3D62-9DF7-42AE-9FB5-896C4A64B877}.Shipping|Win64.Build.0 = Shipping|x64
		{C250B989-165C-4FE4-B42D-99AEA189C457}.DebugGame Editor|Win32.ActiveCfg = BuiltWithUnrealBuildTool|Win32
		{C250B989-165C-4FE4-B42D-99AEA189C457}.DebugGame Editor|Win64.ActiveCfg = BuiltWithUnrealBuildTool|Win32
		{C250B989-165C-4FE4-B42D-99AEA189C457}.DebugGame|Win32.ActiveCfg = BuiltWithUnrealBuildTool|Win32
		{C250B989-165C-4FE4-B42D-99AEA189C457}.DebugGame|Win64.ActiveCfg = BuiltWithUnrealBuildTool|Win32
		{C250B989-165C-4FE4-B42D-99AEA189C457}.Development Editor|Win32.ActiveCfg = BuiltWithUnrealBuildTool|Win32
		{C250B989-165C-4FE4-B42D-99AEA189C457}.Development Editor|Win64.ActiveCfg = BuiltWithUnrealBuildTool|Win32
		{C250B989-165C-4FE4-B42D-99AEA189C457}.Development|Win32.ActiveCfg = BuiltWithUnrealBuildTool|Win32
		{C250B989-165C-4FE4-B42D-99AEA189C457}.Development|Win64.ActiveCfg = BuiltWithUnrealBuildTool|Win32
		{C250B989-165C-4FE4-B42D-99AEA189C457}.Shipping|Win32.ActiveCfg = BuiltWithUnrealBuildTool|Win32
		{C250B989-165C-4FE4-B42D-99AEA189C457}.Shipping|Win64.ActiveCfg = BuiltWithUnrealBuildTool|Win32
	EndGlobalSection
	GlobalSection(SolutionProperties) = preSolution
		HideSolutionNode = FALSE
	EndGlobalSection
	GlobalSection(NestedProjects) = preSolution
		{C250B989-165C-4FE4-B42D-99AEA189C457} = {E4BFA89B-C0BB-4D90-AA50-F87ED726C13C}
		{230E3D62-9DF7-42AE-9FB5-896C4A64B877} = {D498C074-4B7C-4708-B8C9-71D5E12D8172}
	EndGlobalSection
EndGlobal
